
Microsoft Visual Studio Solution File, Format Version 12.00
Project("{FAE04EC0-301F-11D3-BF4B-00C04F79EFBC}") = "HttpChat", "HttpChat\HttpChat.csproj", "{BF9D4812-DD52-4A39-95F4-B5DE526B0F7C}"
EndProject
Global
	GlobalSection(SolutionConfigurationPlatforms) = preSolution
		Debug|Any CPU = Debug|Any CPU
		Release|Any CPU = Release|Any CPU
	EndGlobalSection
	GlobalSection(ProjectConfigurationPlatforms) = postSolution
		{BF9D4812-DD52-4A39-95F4-B5DE526B0F7C}.Debug|Any CPU.ActiveCfg = Debug|Any CPU
		{BF9D4812-DD52-4A39-95F4-B5DE526B0F7C}.Debug|Any CPU.Build.0 = Debug|Any CPU
		{BF9D4812-DD52-4A39-95F4-B5DE526B0F7C}.Release|Any CPU.ActiveCfg = Release|Any CPU
		{BF9D4812-DD52-4A39-95F4-B5DE526B0F7C}.Release|Any CPU.Build.0 = Release|Any CPU
	EndGlobalSection
EndGlobal
